
Microsoft Visual Studio Solution File, Format Version 12.00
# Visual Studio Version 17
VisualStudioVersion = 17.0.31815.197
MinimumVisualStudioVersion = 10.0.40219.1
Project("{FAE04EC0-301F-11D3-BF4B-00C04F79EFBC}") = "Lequ.Blog", "Lequ.Blog\Lequ.Blog.csproj", "{A444228C-C699-4624-85F0-DF4391777A71}"
EndProject
Global
	GlobalSection(SolutionConfigurationPlatforms) = preSolution
		Debug|Any CPU = Debug|Any CPU
		Release|Any CPU = Release|Any CPU
	EndGlobalSection
	GlobalSection(ProjectConfigurationPlatforms) = postSolution
		{A444228C-C699-4624-85F0-DF4391777A71}.Debug|Any CPU.ActiveCfg = Debug|Any CPU
		{A444228C-C699-4624-85F0-DF4391777A71}.Debug|Any CPU.Build.0 = Debug|Any CPU
		{A444228C-C699-4624-85F0-DF4391777A71}.Release|Any CPU.ActiveCfg = Release|Any CPU
		{A444228C-C699-4624-85F0-DF4391777A71}.Release|Any CPU.Build.0 = Release|Any CPU
	EndGlobalSection
	GlobalSection(SolutionProperties) = preSolution
		HideSolutionNode = FALSE
	EndGlobalSection
	GlobalSection(ExtensibilityGlobals) = postSolution
		SolutionGuid = {59E04A9F-D6A5-4D40-A124-BC126F0D8E41}
	EndGlobalSection
EndGlobal
