
Microsoft Visual Studio Solution File, Format Version 12.00
# Visual Studio Version 17
VisualStudioVersion = 17.0.31825.309
MinimumVisualStudioVersion = 10.0.40219.1
Project("{FAE04EC0-301F-11D3-BF4B-00C04F79EFBC}") = "Lequ", "Lequ\Lequ.csproj", "{2D46D5EA-841B-48C7-944C-F43E0A646883}"
EndProject
Project("{FAE04EC0-301F-11D3-BF4B-00C04F79EFBC}") = "Lequ.Model", "Lequ.Model\Lequ.Model.csproj", "{94A573EE-E576-4D79-B000-B0BEA753901E}"
EndProject
Project("{FAE04EC0-301F-11D3-BF4B-00C04F79EFBC}") = "Lequ.IRepository", "Lequ.IRepository\Lequ.IRepository.csproj", "{77795DC7-A5FF-49F5-9369-16E3576E0F1F}"
EndProject
Project("{FAE04EC0-301F-11D3-BF4B-00C04F79EFBC}") = "Lequ.Repository", "Lequ.Repository\Lequ.Repository.csproj", "{5C30201E-6795-41A7-B736-CBB5F23D2AC8}"
EndProject
Project("{FAE04EC0-301F-11D3-BF4B-00C04F79EFBC}") = "Lequ.IService", "Lequ.IService\Lequ.IService.csproj", "{CD7D834E-1288-46D7-81FA-A997063971D1}"
EndProject
Project("{FAE04EC0-301F-11D3-BF4B-00C04F79EFBC}") = "Lequ.Service", "Lequ.Service\Lequ.Service.csproj", "{F06CC9ED-12B5-4EB2-85EC-6732B14C2064}"
EndProject
Project("{FAE04EC0-301F-11D3-BF4B-00C04F79EFBC}") = "Lequ.Extensions", "Lequ.Extensions\Lequ.Extensions.csproj", "{38BF23A7-87E6-4D6B-AA67-6151D79228C8}"
EndProject
Global
	GlobalSection(SolutionConfigurationPlatforms) = preSolution
		Debug|Any CPU = Debug|Any CPU
		Release|Any CPU = Release|Any CPU
	EndGlobalSection
	GlobalSection(ProjectConfigurationPlatforms) = postSolution
		{2D46D5EA-841B-48C7-944C-F43E0A646883}.Debug|Any CPU.ActiveCfg = Debug|Any CPU
		{2D46D5EA-841B-48C7-944C-F43E0A646883}.Debug|Any CPU.Build.0 = Debug|Any CPU
		{2D46D5EA-841B-48C7-944C-F43E0A646883}.Release|Any CPU.ActiveCfg = Release|Any CPU
		{2D46D5EA-841B-48C7-944C-F43E0A646883}.Release|Any CPU.Build.0 = Release|Any CPU
		{94A573EE-E576-4D79-B000-B0BEA753901E}.Debug|Any CPU.ActiveCfg = Debug|Any CPU
		{94A573EE-E576-4D79-B000-B0BEA753901E}.Debug|Any CPU.Build.0 = Debug|Any CPU
		{94A573EE-E576-4D79-B000-B0BEA753901E}.Release|Any CPU.ActiveCfg = Release|Any CPU
		{94A573EE-E576-4D79-B000-B0BEA753901E}.Release|Any CPU.Build.0 = Release|Any CPU
		{77795DC7-A5FF-49F5-9369-16E3576E0F1F}.Debug|Any CPU.ActiveCfg = Debug|Any CPU
		{77795DC7-A5FF-49F5-9369-16E3576E0F1F}.Debug|Any CPU.Build.0 = Debug|Any CPU
		{77795DC7-A5FF-49F5-9369-16E3576E0F1F}.Release|Any CPU.ActiveCfg = Release|Any CPU
		{77795DC7-A5FF-49F5-9369-16E3576E0F1F}.Release|Any CPU.Build.0 = Release|Any CPU
		{5C30201E-6795-41A7-B736-CBB5F23D2AC8}.Debug|Any CPU.ActiveCfg = Debug|Any CPU
		{5C30201E-6795-41A7-B736-CBB5F23D2AC8}.Debug|Any CPU.Build.0 = Debug|Any CPU
		{5C30201E-6795-41A7-B736-CBB5F23D2AC8}.Release|Any CPU.ActiveCfg = Release|Any CPU
		{5C30201E-6795-41A7-B736-CBB5F23D2AC8}.Release|Any CPU.Build.0 = Release|Any CPU
		{CD7D834E-1288-46D7-81FA-A997063971D1}.Debug|Any CPU.ActiveCfg = Debug|Any CPU
		{CD7D834E-1288-46D7-81FA-A997063971D1}.Debug|Any CPU.Build.0 = Debug|Any CPU
		{CD7D834E-1288-46D7-81FA-A997063971D1}.Release|Any CPU.ActiveCfg = Release|Any CPU
		{CD7D834E-1288-46D7-81FA-A997063971D1}.Release|Any CPU.Build.0 = Release|Any CPU
		{F06CC9ED-12B5-4EB2-85EC-6732B14C2064}.Debug|Any CPU.ActiveCfg = Debug|Any CPU
		{F06CC9ED-12B5-4EB2-85EC-6732B14C2064}.Debug|Any CPU.Build.0 = Debug|Any CPU
		{F06CC9ED-12B5-4EB2-85EC-6732B14C2064}.Release|Any CPU.ActiveCfg = Release|Any CPU
		{F06CC9ED-12B5-4EB2-85EC-6732B14C2064}.Release|Any CPU.Build.0 = Release|Any CPU
		{38BF23A7-87E6-4D6B-AA67-6151D79228C8}.Debug|Any CPU.ActiveCfg = Debug|Any CPU
		{38BF23A7-87E6-4D6B-AA67-6151D79228C8}.Debug|Any CPU.Build.0 = Debug|Any CPU
		{38BF23A7-87E6-4D6B-AA67-6151D79228C8}.Release|Any CPU.ActiveCfg = Release|Any CPU
		{38BF23A7-87E6-4D6B-AA67-6151D79228C8}.Release|Any CPU.Build.0 = Release|Any CPU
	EndGlobalSection
	GlobalSection(SolutionProperties) = preSolution
		HideSolutionNode = FALSE
	EndGlobalSection
	GlobalSection(ExtensibilityGlobals) = postSolution
		SolutionGuid = {4C6304D4-0DD7-4FD7-B3BD-2189A4A233BE}
	EndGlobalSection
EndGlobal
